Microsoft Visual Studio Solution File, Format Version 12.00
# Visual Studio Version 17
VisualStudioVersion = 17.5.2.0
MinimumVisualStudioVersion = 10.0.40219.1
Project("{FAE04EC0-301F-11D3-BF4B-00C04F79EFBC}") = "QwenChatWeb", "QwenChatWeb\QwenChatWeb.csproj", "{FA1BF4A2-0E2D-F303-3657-515BDBE106D0}"
EndProject
Global
	GlobalSection(SolutionConfigurationPlatforms) = preSolution
		Debug|Any CPU = Debug|Any CPU
		Release|Any CPU = Release|Any CPU
	EndGlobalSection
	GlobalSection(ProjectConfigurationPlatforms) = postSolution
		{FA1BF4A2-0E2D-F303-3657-515BDBE106D0}.Debug|Any CPU.ActiveCfg = Debug|Any CPU
		{FA1BF4A2-0E2D-F303-3657-515BDBE106D0}.Debug|Any CPU.Build.0 = Debug|Any CPU
		{FA1BF4A2-0E2D-F303-3657-515BDBE106D0}.Release|Any CPU.ActiveCfg = Release|Any CPU
		{FA1BF4A2-0E2D-F303-3657-515BDBE106D0}.Release|Any CPU.Build.0 = Release|Any CPU
	EndGlobalSection
	GlobalSection(SolutionProperties) = preSolution
		HideSolutionNode = FALSE
	EndGlobalSection
	GlobalSection(ExtensibilityGlobals) = postSolution
		SolutionGuid = {976CF731-287C-46E8-BC93-68746D54FAC8}
	EndGlobalSection
EndGlobal
